
Microsoft Visual Studio Solution File, Format Version 12.00
# Visual Studio 2013
VisualStudioVersion = 12.0.21005.1
MinimumVisualStudioVersion = 10.0.40219.1
Project("{8BC9CEB8-8B4A-11D0-8D11-00A0C91BC942}") = "Test10_17A", "Test10_17A\Test10_17A.vcxproj", "{F5338DCF-F947-4DB0-B495-3F7BAABAB57E}"
EndProject
Global
	GlobalSection(SolutionConfigurationPlatforms) = preSolution
		Debug|Win32 = Debug|Win32
		Release|Win32 = Release|Win32
	EndGlobalSection
	GlobalSection(ProjectConfigurationPlatforms) = postSolution
		{F5338DCF-F947-4DB0-B495-3F7BAABAB57E}.Debug|Win32.ActiveCfg = Debug|Win32
		{F5338DCF-F947-4DB0-B495-3F7BAABAB57E}.Debug|Win32.Build.0 = Debug|Win32
		{F5338DCF-F947-4DB0-B495-3F7BAABAB57E}.Release|Win32.ActiveCfg = Release|Win32
		{F5338DCF-F947-4DB0-B495-3F7BAABAB57E}.Release|Win32.Build.0 = Release|Win32
	EndGlobalSection
	GlobalSection(SolutionProperties) = preSolution
		HideSolutionNode = FALSE
	EndGlobalSection
EndGlobal
